
Microsoft Visual Studio Solution File, Format Version 12.00
# Visual Studio Version 17
VisualStudioVersion = 17.0.31903.59
MinimumVisualStudioVersion = 10.0.40219.1
Project("{9A19103F-16F7-4668-BE54-9A1E7A4F7556}") = "install-edge", "install-edge\install-edge.csproj", "{37ECED83-8B84-40FE-BD10-F66CA25A763A}"
EndProject
Project("{2150E333-8FDC-42A3-9474-1A3956D46DE8}") = "Solution Items", "Solution Items", "{6BE5E3F8-72C0-43F3-A0BC-DF2B59CEF4AA}"
	ProjectSection(SolutionItems) = preProject
		.editorconfig = .editorconfig
		README.md = README.md
	EndProjectSection
EndProject
Global
	GlobalSection(SolutionConfigurationPlatforms) = preSolution
		Debug|Any CPU = Debug|Any CPU
		Release|Any CPU = Release|Any CPU
	EndGlobalSection
	GlobalSection(ProjectConfigurationPlatforms) = postSolution
		{37ECED83-8B84-40FE-BD10-F66CA25A763A}.Debug|Any CPU.ActiveCfg = Debug|Any CPU
		{37ECED83-8B84-40FE-BD10-F66CA25A763A}.Debug|Any CPU.Build.0 = Debug|Any CPU
		{37ECED83-8B84-40FE-BD10-F66CA25A763A}.Release|Any CPU.ActiveCfg = Release|Any CPU
		{37ECED83-8B84-40FE-BD10-F66CA25A763A}.Release|Any CPU.Build.0 = Release|Any CPU
	EndGlobalSection
	GlobalSection(SolutionProperties) = preSolution
		HideSolutionNode = FALSE
	EndGlobalSection
	GlobalSection(ExtensibilityGlobals) = postSolution
		SolutionGuid = {5C0F745F-7128-4DED-A29D-9BD65B7EF101}
	EndGlobalSection
EndGlobal
